Microsoft Visual Studio Solution File, Format Version 11.00
# Visual Studio 2008

Project("{2E387469-CF68-DE41-8066-C5BBDA8E34E2}") = "proj4", "Assembly-CSharp-firstpass.csproj", "{632164B3-9D92-FEB7-CD04-A23B4EED51CF}"
EndProject
Project("{2E387469-CF68-DE41-8066-C5BBDA8E34E2}") = "proj4", "Assembly-CSharp.csproj", "{7A9DE2DF-6544-893B-6759-D42A7657BA87}"
EndProject
Project("{2E387469-CF68-DE41-8066-C5BBDA8E34E2}") = "proj4", "Assembly-UnityScript-firstpass.unityproj", "{840C3C1C-AAD6-725C-88E3-7B789FE402D4}"
EndProject
Project("{2E387469-CF68-DE41-8066-C5BBDA8E34E2}") = "proj4", "Assembly-UnityScript.unityproj", "{C4EE6D01-EE60-6807-A725-70E132C05FD6}"
EndProject
Global
	GlobalSection(SolutionConfigurationPlatforms) = preSolution
		Debug|Any CPU = Debug|Any CPU
		Release|Any CPU = Release|Any CPU
	EndGlobalSection
	GlobalSection(ProjectConfigurationPlatforms) = postSolution
		{632164B3-9D92-FEB7-CD04-A23B4EED51CF}.Debug|Any CPU.ActiveCfg = Debug|Any CPU
		{632164B3-9D92-FEB7-CD04-A23B4EED51CF}.Debug|Any CPU.Build.0 = Debug|Any CPU
		{632164B3-9D92-FEB7-CD04-A23B4EED51CF}.Release|Any CPU.ActiveCfg = Release|Any CPU
		{632164B3-9D92-FEB7-CD04-A23B4EED51CF}.Release|Any CPU.Build.0 = Release|Any CPU
		{7A9DE2DF-6544-893B-6759-D42A7657BA87}.Debug|Any CPU.ActiveCfg = Debug|Any CPU
		{7A9DE2DF-6544-893B-6759-D42A7657BA87}.Debug|Any CPU.Build.0 = Debug|Any CPU
		{7A9DE2DF-6544-893B-6759-D42A7657BA87}.Release|Any CPU.ActiveCfg = Release|Any CPU
		{7A9DE2DF-6544-893B-6759-D42A7657BA87}.Release|Any CPU.Build.0 = Release|Any CPU
		{840C3C1C-AAD6-725C-88E3-7B789FE402D4}.Debug|Any CPU.ActiveCfg = Debug|Any CPU
		{840C3C1C-AAD6-725C-88E3-7B789FE402D4}.Debug|Any CPU.Build.0 = Debug|Any CPU
		{840C3C1C-AAD6-725C-88E3-7B789FE402D4}.Release|Any CPU.ActiveCfg = Release|Any CPU
		{840C3C1C-AAD6-725C-88E3-7B789FE402D4}.Release|Any CPU.Build.0 = Release|Any CPU
		{C4EE6D01-EE60-6807-A725-70E132C05FD6}.Debug|Any CPU.ActiveCfg = Debug|Any CPU
		{C4EE6D01-EE60-6807-A725-70E132C05FD6}.Debug|Any CPU.Build.0 = Debug|Any CPU
		{C4EE6D01-EE60-6807-A725-70E132C05FD6}.Release|Any CPU.ActiveCfg = Release|Any CPU
		{C4EE6D01-EE60-6807-A725-70E132C05FD6}.Release|Any CPU.Build.0 = Release|Any CPU
	EndGlobalSection
	GlobalSection(SolutionProperties) = preSolution
		HideSolutionNode = FALSE
	EndGlobalSection
																														GlobalSection(MonoDevelopProperties) = preSolution
		StartupItem = Assembly-CSharp.csproj
		Policies = $0
		$0.TextStylePolicy = $1
		$1.inheritsSet = null
		$1.scope = text/x-csharp
		$0.CSharpFormattingPolicy = $2
		$2.inheritsSet = Mono
		$2.inheritsScope = text/x-csharp
		$2.scope = text/x-csharp
		$0.TextStylePolicy = $3
		$3.FileWidth = 120
		$3.TabWidth = 4
		$3.EolMarker = Unix
		$3.inheritsSet = Mono
		$3.inheritsScope = text/plain
		$3.scope = text/plain
	EndGlobalSection

EndGlobal
