
Microsoft Visual Studio Solution File, Format Version 11.00
# Visual Studio 2010
Project("{8BC9CEB8-8B4A-11D0-8D11-00A0C91BC942}") = "habiru", "habiru\habiru.vcxproj", "{0B2A9347-A065-46FC-8F32-F6238405A12B}"
EndProject
Global
	GlobalSection(SolutionConfigurationPlatforms) = preSolution
		Debug|Win32 = Debug|Win32
		Release|Win32 = Release|Win32
	EndGlobalSection
	GlobalSection(ProjectConfigurationPlatforms) = postSolution
		{0B2A9347-A065-46FC-8F32-F6238405A12B}.Debug|Win32.ActiveCfg = Debug|Win32
		{0B2A9347-A065-46FC-8F32-F6238405A12B}.Debug|Win32.Build.0 = Debug|Win32
		{0B2A9347-A065-46FC-8F32-F6238405A12B}.Release|Win32.ActiveCfg = Release|Win32
		{0B2A9347-A065-46FC-8F32-F6238405A12B}.Release|Win32.Build.0 = Release|Win32
	EndGlobalSection
	GlobalSection(SolutionProperties) = preSolution
		HideSolutionNode = FALSE
	EndGlobalSection
EndGlobal
