
Microsoft Visual Studio Solution File, Format Version 11.00
# Visual Studio 2010
Project("{F184B08F-C81C-45F6-A57F-5ABD9991F28F}") = "flyGeuss", "flyGeuss\flyGeuss.vbproj", "{3D44B9FD-E848-448F-B644-CD344B1A5FD3}"
EndProject
Global
	GlobalSection(SolutionConfigurationPlatforms) = preSolution
		Debug|x86 = Debug|x86
		Release|x86 = Release|x86
	EndGlobalSection
	GlobalSection(ProjectConfigurationPlatforms) = postSolution
		{3D44B9FD-E848-448F-B644-CD344B1A5FD3}.Debug|x86.ActiveCfg = Debug|x86
		{3D44B9FD-E848-448F-B644-CD344B1A5FD3}.Debug|x86.Build.0 = Debug|x86
		{3D44B9FD-E848-448F-B644-CD344B1A5FD3}.Release|x86.ActiveCfg = Release|x86
		{3D44B9FD-E848-448F-B644-CD344B1A5FD3}.Release|x86.Build.0 = Release|x86
	EndGlobalSection
	GlobalSection(SolutionProperties) = preSolution
		HideSolutionNode = FALSE
	EndGlobalSection
EndGlobal
