
Microsoft Visual Studio Solution File, Format Version 11.00
# Visual Studio 2010
Project("{F184B08F-C81C-45F6-A57F-5ABD9991F28F}") = "TIMER", "TIMER\TIMER.vbproj", "{4EE8E85A-9DDA-4954-B623-6F4D71C1692E}"
EndProject
Global
	GlobalSection(SolutionConfigurationPlatforms) = preSolution
		Debug|x86 = Debug|x86
		Release|x86 = Release|x86
	EndGlobalSection
	GlobalSection(ProjectConfigurationPlatforms) = postSolution
		{4EE8E85A-9DDA-4954-B623-6F4D71C1692E}.Debug|x86.ActiveCfg = Debug|x86
		{4EE8E85A-9DDA-4954-B623-6F4D71C1692E}.Debug|x86.Build.0 = Debug|x86
		{4EE8E85A-9DDA-4954-B623-6F4D71C1692E}.Release|x86.ActiveCfg = Release|x86
		{4EE8E85A-9DDA-4954-B623-6F4D71C1692E}.Release|x86.Build.0 = Release|x86
	EndGlobalSection
	GlobalSection(SolutionProperties) = preSolution
		HideSolutionNode = FALSE
	EndGlobalSection
EndGlobal
