
Microsoft Visual Studio Solution File, Format Version 11.00
# Visual Studio 2010
Project("{F184B08F-C81C-45F6-A57F-5ABD9991F28F}") = "打地鼠vir", "打地鼠vir\打地鼠vir.vbproj", "{DFCA5213-FF81-47E8-A5A4-41A789581E41}"
EndProject
Global
	GlobalSection(SolutionConfigurationPlatforms) = preSolution
		Debug|x86 = Debug|x86
		Release|x86 = Release|x86
	EndGlobalSection
	GlobalSection(ProjectConfigurationPlatforms) = postSolution
		{DFCA5213-FF81-47E8-A5A4-41A789581E41}.Debug|x86.ActiveCfg = Debug|x86
		{DFCA5213-FF81-47E8-A5A4-41A789581E41}.Debug|x86.Build.0 = Debug|x86
		{DFCA5213-FF81-47E8-A5A4-41A789581E41}.Release|x86.ActiveCfg = Release|x86
		{DFCA5213-FF81-47E8-A5A4-41A789581E41}.Release|x86.Build.0 = Release|x86
	EndGlobalSection
	GlobalSection(SolutionProperties) = preSolution
		HideSolutionNode = FALSE
	EndGlobalSection
EndGlobal
