
Microsoft Visual Studio Solution File, Format Version 11.00
# Visual Studio 2010
Project("{F184B08F-C81C-45F6-A57F-5ABD9991F28F}") = "SimIC", "SimIC\SimIC.vbproj", "{05DBED1B-8C6E-4100-BEA0-67919FC1F412}"
EndProject
Global
	GlobalSection(SolutionConfigurationPlatforms) = preSolution
		Debug|Any CPU = Debug|Any CPU
		Release|Any CPU = Release|Any CPU
	EndGlobalSection
	GlobalSection(ProjectConfigurationPlatforms) = postSolution
		{05DBED1B-8C6E-4100-BEA0-67919FC1F412}.Debug|Any CPU.ActiveCfg = Debug|Any CPU
		{05DBED1B-8C6E-4100-BEA0-67919FC1F412}.Debug|Any CPU.Build.0 = Debug|Any CPU
		{05DBED1B-8C6E-4100-BEA0-67919FC1F412}.Release|Any CPU.ActiveCfg = Release|Any CPU
		{05DBED1B-8C6E-4100-BEA0-67919FC1F412}.Release|Any CPU.Build.0 = Release|Any CPU
	EndGlobalSection
	GlobalSection(SolutionProperties) = preSolution
		HideSolutionNode = FALSE
	EndGlobalSection
EndGlobal
