
Microsoft Visual Studio Solution File, Format Version 11.00
# Visual Studio 2010
Project("{F184B08F-C81C-45F6-A57F-5ABD9991F28F}") = "WebApplication1", "WebApplication1\WebApplication1.vbproj", "{7A50F990-7D88-4E30-B61C-D8BD73CF1BFA}"
EndProject
Global
	GlobalSection(SolutionConfigurationPlatforms) = preSolution
		Debug|Any CPU = Debug|Any CPU
		Release|Any CPU = Release|Any CPU
	EndGlobalSection
	GlobalSection(ProjectConfigurationPlatforms) = postSolution
		{7A50F990-7D88-4E30-B61C-D8BD73CF1BFA}.Debug|Any CPU.ActiveCfg = Debug|Any CPU
		{7A50F990-7D88-4E30-B61C-D8BD73CF1BFA}.Debug|Any CPU.Build.0 = Debug|Any CPU
		{7A50F990-7D88-4E30-B61C-D8BD73CF1BFA}.Release|Any CPU.ActiveCfg = Release|Any CPU
		{7A50F990-7D88-4E30-B61C-D8BD73CF1BFA}.Release|Any CPU.Build.0 = Release|Any CPU
	EndGlobalSection
	GlobalSection(SolutionProperties) = preSolution
		HideSolutionNode = FALSE
	EndGlobalSection
EndGlobal
