
Microsoft Visual Studio Solution File, Format Version 11.00
# Visual Studio 2010
Project("{F184B08F-C81C-45F6-A57F-5ABD9991F28F}") = "邦寧式電腦病毒", "邦寧式電腦病毒\邦寧式電腦病毒.vbproj", "{398AE8A9-E3C3-4182-A049-639C2B68C2D0}"
EndProject
Global
	GlobalSection(SolutionConfigurationPlatforms) = preSolution
		Debug|x86 = Debug|x86
		Release|x86 = Release|x86
	EndGlobalSection
	GlobalSection(ProjectConfigurationPlatforms) = postSolution
		{398AE8A9-E3C3-4182-A049-639C2B68C2D0}.Debug|x86.ActiveCfg = Debug|x86
		{398AE8A9-E3C3-4182-A049-639C2B68C2D0}.Debug|x86.Build.0 = Debug|x86
		{398AE8A9-E3C3-4182-A049-639C2B68C2D0}.Release|x86.ActiveCfg = Release|x86
		{398AE8A9-E3C3-4182-A049-639C2B68C2D0}.Release|x86.Build.0 = Release|x86
	EndGlobalSection
	GlobalSection(SolutionProperties) = preSolution
		HideSolutionNode = FALSE
	EndGlobalSection
EndGlobal
